PODS:
  - Flutter (1.0.0)
  - plugin_issue (0.0.1):
    - Flutter

DEPENDENCIES:
  - Flutter (from `Flutter`)
  - plugin_issue (from `.symlinks/plugins/plugin_issue/ios`)

EXTERNAL SOURCES:
  Flutter:
    :path: Flutter
  plugin_issue:
    :path: ".symlinks/plugins/plugin_issue/ios"

SPEC CHECKSUMS:
  Flutter: 0e3d915762c693b495b44d77113d4970485de6ec
  plugin_issue: 6d39dd92c15f46a18c1f4803828a61a08b6d3844

PODFILE CHECKSUM: c34e2287a9ccaa606aeceab922830efb9a6ff69a

COCOAPODS: 1.8.3
